// !$*UTF8*$!
{
	archiveVersion = 1;
	classes = {
	};
	objectVersion = 55;
	objects = {

/* Begin PBXBuildFile section */
		72EA404227C4E29F00EBDD75 /* AppDelegate.swift in Sources */ = {isa = PBXBuildFile; fileRef = 72EA404127C4E29F00EBDD75 /* AppDelegate.swift */; };
		72EA404427C4E29F00EBDD75 /* SceneDelegate.swift in Sources */ = {isa = PBXBuildFile; fileRef = 72EA404327C4E29F00EBDD75 /* SceneDelegate.swift */; };
		72EA404627C4E29F00EBDD75 /* ViewController.swift in Sources */ = {isa = PBXBuildFile; fileRef = 72EA404527C4E29F00EBDD75 /* ViewController.swift */; };
		72EA404927C4E29F00EBDD75 /* Main.storyboard in Resources */ = {isa = PBXBuildFile; fileRef = 72EA404727C4E29F00EBDD75 /* Main.storyboard */; };
		72EA404B27C4E2A100EBDD75 /* Assets.xcassets in Resources */ = {isa = PBXBuildFile; fileRef = 72EA404A27C4E2A100EBDD75 /* Assets.xcassets */; };
		72EA404E27C4E2A100EBDD75 /* LaunchScreen.storyboard in Resources */ = {isa = PBXBuildFile; fileRef = 72EA404C27C4E2A100EBDD75 /* LaunchScreen.storyboard */; };
		72EA405927C4E2A200EBDD75 /* MinimalBazelFrameworkDemoTests.swift in Sources */ = {isa = PBXBuildFile; fileRef = 72EA405827C4E2A200EBDD75 /* MinimalBazelFrameworkDemoTests.swift */; };
		72EA406327C4E2A200EBDD75 /* MinimalBazelFrameworkDemoUITests.swift in Sources */ = {isa = PBXBuildFile; fileRef = 72EA406227C4E2A200EBDD75 /* MinimalBazelFrameworkDemoUITests.swift */; };
		72EA406527C4E2A200EBDD75 /* MinimalBazelFrameworkDemoUITestsLaunchTests.swift in Sources */ = {isa = PBXBuildFile; fileRef = 72EA406427C4E2A200EBDD75 /* MinimalBazelFrameworkDemoUITestsLaunchTests.swift */; };
/* End PBXBuildFile section */

/* Begin PBXContainerItemProxy section */
		72EA405527C4E2A200EBDD75 /* PBXContainerItemProxy */ = {
			isa = PBXContainerItemProxy;
			containerPortal = 72EA403627C4E29F00EBDD75 /* Project object */;
			proxyType = 1;
			remoteGlobalIDString = 72EA403D27C4E29F00EBDD75;
			remoteInfo = MinimalBazelFrameworkDemo;
		};
		72EA405F27C4E2A200EBDD75 /* PBXContainerItemProxy */ = {
			isa = PBXContainerItemProxy;
			containerPortal = 72EA403627C4E29F00EBDD75 /* Project object */;
			proxyType = 1;
			remoteGlobalIDString = 72EA403D27C4E29F00EBDD75;
			remoteInfo = MinimalBazelFrameworkDemo;
		};
/* End PBXContainerItemProxy section */

/* Begin PBXFileReference section */
		72EA403E27C4E29F00EBDD75 /* MinimalBazelFrameworkDemo.app */ = {isa = PBXFileReference; explicitFileType = wrapper.application; includeInIndex = 0; path = MinimalBazelFrameworkDemo.app; sourceTree = BUILT_PRODUCTS_DIR; };
		72EA404127C4E29F00EBDD75 /* AppDelegate.swift */ = {isa = PBXFileReference; lastKnownFileType = sourcecode.swift; path = AppDelegate.swift; sourceTree = "<group>"; };
		72EA404327C4E29F00EBDD75 /* SceneDelegate.swift */ = {isa = PBXFileReference; lastKnownFileType = sourcecode.swift; path = SceneDelegate.swift; sourceTree = "<group>"; };
		72EA404527C4E29F00EBDD75 /* ViewController.swift */ = {isa = PBXFileReference; lastKnownFileType = sourcecode.swift; path = ViewController.swift; sourceTree = "<group>"; };
		72EA404827C4E29F00EBDD75 /* Base */ = {isa = PBXFileReference; lastKnownFileType = file.storyboard; name = Base; path = Base.lproj/Main.storyboard; sourceTree = "<group>"; };
		72EA404A27C4E2A100EBDD75 /* Assets.xcassets */ = {isa = PBXFileReference; lastKnownFileType = folder.assetcatalog; path = Assets.xcassets; sourceTree = "<group>"; };
		72EA404D27C4E2A100EBDD75 /* Base */ = {isa = PBXFileReference; lastKnownFileType = file.storyboard; name = Base; path = Base.lproj/LaunchScreen.storyboard; sourceTree = "<group>"; };
		72EA404F27C4E2A100EBDD75 /* Info.plist */ = {isa = PBXFileReference; lastKnownFileType = text.plist.xml; path = Info.plist; sourceTree = "<group>"; };
		72EA405427C4E2A200EBDD75 /* MinimalBazelFrameworkDemoTests.xctest */ = {isa = PBXFileReference; explicitFileType = wrapper.cfbundle; includeInIndex = 0; path = MinimalBazelFrameworkDemoTests.xctest; sourceTree = BUILT_PRODUCTS_DIR; };
		72EA405827C4E2A200EBDD75 /* MinimalBazelFrameworkDemoTests.swift */ = {isa = PBXFileReference; lastKnownFileType = sourcecode.swift; path = MinimalBazelFrameworkDemoTests.swift; sourceTree = "<group>"; };
		72EA405E27C4E2A200EBDD75 /* MinimalBazelFrameworkDemoUITests.xctest */ = {isa = PBXFileReference; explicitFileType = wrapper.cfbundle; includeInIndex = 0; path = MinimalBazelFrameworkDemoUITests.xctest; sourceTree = BUILT_PRODUCTS_DIR; };
		72EA406227C4E2A200EBDD75 /* MinimalBazelFrameworkDemoUITests.swift */ = {isa = PBXFileReference; lastKnownFileType = sourcecode.swift; path = MinimalBazelFrameworkDemoUITests.swift; sourceTree = "<group>"; };
		72EA406427C4E2A200EBDD75 /* MinimalBazelFrameworkDemoUITestsLaunchTests.swift */ = {isa = PBXFileReference; lastKnownFileType = sourcecode.swift; path = MinimalBazelFrameworkDemoUITestsLaunchTests.swift; sourceTree = "<group>"; };
/* End PBXFileReference section */

/* Begin PBXFrameworksBuildPhase section */
		72EA403B27C4E29F00EBDD75 /* Frameworks */ = {
			isa = PBXFrameworksBuildPhase;
			buildActionMask = 2147483647;
			files = (
			);
			runOnlyForDeploymentPostprocessing = 0;
		};
		72EA405127C4E2A200EBDD75 /* Frameworks */ = {
			isa = PBXFrameworksBuildPhase;
			buildActionMask = 2147483647;
			files = (
			);
			runOnlyForDeploymentPostprocessing = 0;
		};
		72EA405B27C4E2A200EBDD75 /* Frameworks */ = {
			isa = PBXFrameworksBuildPhase;
			buildActionMask = 2147483647;
			files = (
			);
			runOnlyForDeploymentPostprocessing = 0;
		};
/* End PBXFrameworksBuildPhase section */

/* Begin PBXGroup section */
		72EA403527C4E29F00EBDD75 = {
			isa = PBXGroup;
			children = (
				72EA404027C4E29F00EBDD75 /* MinimalBazelFrameworkDemo */,
				72EA405727C4E2A200EBDD75 /* MinimalBazelFrameworkDemoTests */,
				72EA406127C4E2A200EBDD75 /* MinimalBazelFrameworkDemoUITests */,
				72EA403F27C4E29F00EBDD75 /* Products */,
			);
			sourceTree = "<group>";
		};
		72EA403F27C4E29F00EBDD75 /* Products */ = {
			isa = PBXGroup;
			children = (
				72EA403E27C4E29F00EBDD75 /* MinimalBazelFrameworkDemo.app */,
				72EA405427C4E2A200EBDD75 /* MinimalBazelFrameworkDemoTests.xctest */,
				72EA405E27C4E2A200EBDD75 /* MinimalBazelFrameworkDemoUITests.xctest */,
			);
			name = Products;
			sourceTree = "<group>";
		};
		72EA404027C4E29F00EBDD75 /* MinimalBazelFrameworkDemo */ = {
			isa = PBXGroup;
			children = (
				72EA404127C4E29F00EBDD75 /* AppDelegate.swift */,
				72EA404327C4E29F00EBDD75 /* SceneDelegate.swift */,
				72EA404527C4E29F00EBDD75 /* ViewController.swift */,
				72EA404727C4E29F00EBDD75 /* Main.storyboard */,
				72EA404A27C4E2A100EBDD75 /* Assets.xcassets */,
				72EA404C27C4E2A100EBDD75 /* LaunchScreen.storyboard */,
				72EA404F27C4E2A100EBDD75 /* Info.plist */,
			);
			path = MinimalBazelFrameworkDemo;
			sourceTree = "<group>";
		};
		72EA405727C4E2A200EBDD75 /* MinimalBazelFrameworkDemoTests */ = {
			isa = PBXGroup;
			children = (
				72EA405827C4E2A200EBDD75 /* MinimalBazelFrameworkDemoTests.swift */,
			);
			path = MinimalBazelFrameworkDemoTests;
			sourceTree = "<group>";
		};
		72EA406127C4E2A200EBDD75 /* MinimalBazelFrameworkDemoUITests */ = {
			isa = PBXGroup;
			children = (
				72EA406227C4E2A200EBDD75 /* MinimalBazelFrameworkDemoUITests.swift */,
				72EA406427C4E2A200EBDD75 /* MinimalBazelFrameworkDemoUITestsLaunchTests.swift */,
			);
			path = MinimalBazelFrameworkDemoUITests;
			sourceTree = "<group>";
		};
/* End PBXGroup section */

/* Begin PBXNativeTarget section */
		72EA403D27C4E29F00EBDD75 /* MinimalBazelFrameworkDemo */ = {
			isa = PBXNativeTarget;
			buildConfigurationList = 72EA406827C4E2A200EBDD75 /* Build configuration list for PBXNativeTarget "MinimalBazelFrameworkDemo" */;
			buildPhases = (
				72EA403A27C4E29F00EBDD75 /* Sources */,
				72EA403B27C4E29F00EBDD75 /* Frameworks */,
				72EA403C27C4E29F00EBDD75 /* Resources */,
			);
			buildRules = (
			);
			dependencies = (
			);
			name = MinimalBazelFrameworkDemo;
			productName = MinimalBazelFrameworkDemo;
			productReference = 72EA403E27C4E29F00EBDD75 /* MinimalBazelFrameworkDemo.app */;
			productType = "com.apple.product-type.application";
		};
		72EA405327C4E2A200EBDD75 /* MinimalBazelFrameworkDemoTests */ = {
			isa = PBXNativeTarget;
			buildConfigurationList = 72EA406B27C4E2A200EBDD75 /* Build configuration list for PBXNativeTarget "MinimalBazelFrameworkDemoTests" */;
			buildPhases = (
				72EA405027C4E2A200EBDD75 /* Sources */,
				72EA405127C4E2A200EBDD75 /* Frameworks */,
				72EA405227C4E2A200EBDD75 /* Resources */,
			);
			buildRules = (
			);
			dependencies = (
				72EA405627C4E2A200EBDD75 /* PBXTargetDependency */,
			);
			name = MinimalBazelFrameworkDemoTests;
			productName = MinimalBazelFrameworkDemoTests;
			productReference = 72EA405427C4E2A200EBDD75 /* MinimalBazelFrameworkDemoTests.xctest */;
			productType = "com.apple.product-type.bundle.unit-test";
		};
		72EA405D27C4E2A200EBDD75 /* MinimalBazelFrameworkDemoUITests */ = {
			isa = PBXNativeTarget;
			buildConfigurationList = 72EA406E27C4E2A200EBDD75 /* Build configuration list for PBXNativeTarget "MinimalBazelFrameworkDemoUITests" */;
			buildPhases = (
				72EA405A27C4E2A200EBDD75 /* Sources */,
				72EA405B27C4E2A200EBDD75 /* Frameworks */,
				72EA405C27C4E2A200EBDD75 /* Resources */,
			);
			buildRules = (
			);
			dependencies = (
				72EA406027C4E2A200EBDD75 /* PBXTargetDependency */,
			);
			name = MinimalBazelFrameworkDemoUITests;
			productName = MinimalBazelFrameworkDemoUITests;
			productReference = 72EA405E27C4E2A200EBDD75 /* MinimalBazelFrameworkDemoUITests.xctest */;
			productType = "com.apple.product-type.bundle.ui-testing";
		};
/* End PBXNativeTarget section */

/* Begin PBXProject section */
		72EA403627C4E29F00EBDD75 /* Project object */ = {
			isa = PBXProject;
			attributes = {
				BuildIndependentTargetsInParallel = 1;
				LastSwiftUpdateCheck = 1320;
				LastUpgradeCheck = 1320;
				TargetAttributes = {
					72EA403D27C4E29F00EBDD75 = {
						CreatedOnToolsVersion = 13.2.1;
					};
					72EA405327C4E2A200EBDD75 = {
						CreatedOnToolsVersion = 13.2.1;
						TestTargetID = 72EA403D27C4E29F00EBDD75;
					};
					72EA405D27C4E2A200EBDD75 = {
						CreatedOnToolsVersion = 13.2.1;
						TestTargetID = 72EA403D27C4E29F00EBDD75;
					};
				};
			};
			buildConfigurationList = 72EA403927C4E29F00EBDD75 /* Build configuration list for PBXProject "MinimalBazelFrameworkDemo" */;
			compatibilityVersion = "Xcode 13.0";
			developmentRegion = en;
			hasScannedForEncodings = 0;
			knownRegions = (
				en,
				Base,
			);
			mainGroup = 72EA403527C4E29F00EBDD75;
			productRefGroup = 72EA403F27C4E29F00EBDD75 /* Products */;
			projectDirPath = "";
			projectRoot = "";
			targets = (
				72EA403D27C4E29F00EBDD75 /* MinimalBazelFrameworkDemo */,
				72EA405327C4E2A200EBDD75 /* MinimalBazelFrameworkDemoTests */,
				72EA405D27C4E2A200EBDD75 /* MinimalBazelFrameworkDemoUITests */,
			);
		};
/* End PBXProject section */

/* Begin PBXResourcesBuildPhase section */
		72EA403C27C4E29F00EBDD75 /* Resources */ = {
			isa = PBXResourcesBuildPhase;
			buildActionMask = 2147483647;
			files = (
				72EA404E27C4E2A100EBDD75 /* LaunchScreen.storyboard in Resources */,
				72EA404B27C4E2A100EBDD75 /* Assets.xcassets in Resources */,
				72EA404927C4E29F00EBDD75 /* Main.storyboard in Resources */,
			);
			runOnlyForDeploymentPostprocessing = 0;
		};
		72EA405227C4E2A200EBDD75 /* Resources */ = {
			isa = PBXResourcesBuildPhase;
			buildActionMask = 2147483647;
			files = (
			);
			runOnlyForDeploymentPostprocessing = 0;
		};
		72EA405C27C4E2A200EBDD75 /* Resources */ = {
			isa = PBXResourcesBuildPhase;
			buildActionMask = 2147483647;
			files = (
			);
			runOnlyForDeploymentPostprocessing = 0;
		};
/* End PBXResourcesBuildPhase section */

/* Begin PBXSourcesBuildPhase section */
		72EA403A27C4E29F00EBDD75 /* Sources */ = {
			isa = PBXSourcesBuildPhase;
			buildActionMask = 2147483647;
			files = (
				72EA404627C4E29F00EBDD75 /* ViewController.swift in Sources */,
				72EA404227C4E29F00EBDD75 /* AppDelegate.swift in Sources */,
				72EA404427C4E29F00EBDD75 /* SceneDelegate.swift in Sources */,
			);
			runOnlyForDeploymentPostprocessing = 0;
		};
		72EA405027C4E2A200EBDD75 /* Sources */ = {
			isa = PBXSourcesBuildPhase;
			buildActionMask = 2147483647;
			files = (
				72EA405927C4E2A200EBDD75 /* MinimalBazelFrameworkDemoTests.swift in Sources */,
			);
			runOnlyForDeploymentPostprocessing = 0;
		};
		72EA405A27C4E2A200EBDD75 /* Sources */ = {
			isa = PBXSourcesBuildPhase;
			buildActionMask = 2147483647;
			files = (
				72EA406327C4E2A200EBDD75 /* MinimalBazelFrameworkDemoUITests.swift in Sources */,
				72EA406527C4E2A200EBDD75 /* MinimalBazelFrameworkDemoUITestsLaunchTests.swift in Sources */,
			);
			runOnlyForDeploymentPostprocessing = 0;
		};
/* End PBXSourcesBuildPhase section */

/* Begin PBXTargetDependency section */
		72EA405627C4E2A200EBDD75 /* PBXTargetDependency */ = {
			isa = PBXTargetDependency;
			target = 72EA403D27C4E29F00EBDD75 /* MinimalBazelFrameworkDemo */;
			targetProxy = 72EA405527C4E2A200EBDD75 /* PBXContainerItemProxy */;
		};
		72EA406027C4E2A200EBDD75 /* PBXTargetDependency */ = {
			isa = PBXTargetDependency;
			target = 72EA403D27C4E29F00EBDD75 /* MinimalBazelFrameworkDemo */;
			targetProxy = 72EA405F27C4E2A200EBDD75 /* PBXContainerItemProxy */;
		};
/* End PBXTargetDependency section */

/* Begin PBXVariantGroup section */
		72EA404727C4E29F00EBDD75 /* Main.storyboard */ = {
			isa = PBXVariantGroup;
			children = (
				72EA404827C4E29F00EBDD75 /* Base */,
			);
			name = Main.storyboard;
			sourceTree = "<group>";
		};
		72EA404C27C4E2A100EBDD75 /* LaunchScreen.storyboard */ = {
			isa = PBXVariantGroup;
			children = (
				72EA404D27C4E2A100EBDD75 /* Base */,
			);
			name = LaunchScreen.storyboard;
			sourceTree = "<group>";
		};
/* End PBXVariantGroup section */

/* Begin XCBuildConfiguration section */
		72EA406627C4E2A200EBDD75 /* Debug */ = {
			isa = XCBuildConfiguration;
			buildSettings = {
				ALWAYS_SEARCH_USER_PATHS = NO;
				CLANG_ANALYZER_NONNULL = YES;
				CLANG_ANALYZER_NUMBER_OBJECT_CONVERSION = YES_AGGRESSIVE;
				CLANG_CXX_LANGUAGE_STANDARD = "gnu++17";
				CLANG_CXX_LIBRARY = "libc++";
				CLANG_ENABLE_MODULES = YES;
				CLANG_ENABLE_OBJC_ARC = YES;
				CLANG_ENABLE_OBJC_WEAK = YES;
				CLANG_WARN_BLOCK_CAPTURE_AUTORELEASING = YES;
				CLANG_WARN_BOOL_CONVERSION = YES;
				CLANG_WARN_COMMA = YES;
				CLANG_WARN_CONSTANT_CONVERSION = YES;
				CLANG_WARN_DEPRECATED_OBJC_IMPLEMENTATIONS = YES;
				CLANG_WARN_DIRECT_OBJC_ISA_USAGE = YES_ERROR;
				CLANG_WARN_DOCUMENTATION_COMMENTS = YES;
				CLANG_WARN_EMPTY_BODY = YES;
				CLANG_WARN_ENUM_CONVERSION = YES;
				CLANG_WARN_INFINITE_RECURSION = YES;
				CLANG_WARN_INT_CONVERSION = YES;
				CLANG_WARN_NON_LITERAL_NULL_CONVERSION = YES;
				CLANG_WARN_OBJC_IMPLICIT_RETAIN_SELF = YES;
				CLANG_WARN_OBJC_LITERAL_CONVERSION = YES;
				CLANG_WARN_OBJC_ROOT_CLASS = YES_ERROR;
				CLANG_WARN_QUOTED_INCLUDE_IN_FRAMEWORK_HEADER = YES;
				CLANG_WARN_RANGE_LOOP_ANALYSIS = YES;
				CLANG_WARN_STRICT_PROTOTYPES = YES;
				CLANG_WARN_SUSPICIOUS_MOVE = YES;
				CLANG_WARN_UNGUARDED_AVAILABILITY = YES_AGGRESSIVE;
				CLANG_WARN_UNREACHABLE_CODE = YES;
				CLANG_WARN__DUPLICATE_METHOD_MATCH = YES;
				COPY_PHASE_STRIP = NO;
				DEBUG_INFORMATION_FORMAT = dwarf;
				ENABLE_STRICT_OBJC_MSGSEND = YES;
				ENABLE_TESTABILITY = YES;
				GCC_C_LANGUAGE_STANDARD = gnu11;
				GCC_DYNAMIC_NO_PIC = NO;
				GCC_NO_COMMON_BLOCKS = YES;
				GCC_OPTIMIZATION_LEVEL = 0;
				GCC_PREPROCESSOR_DEFINITIONS = (
					"DEBUG=1",
					"$(inherited)",
				);
				GCC_WARN_64_TO_32_BIT_CONVERSION = YES;
				GCC_WARN_ABOUT_RETURN_TYPE = YES_ERROR;
				GCC_WARN_UNDECLARED_SELECTOR = YES;
				GCC_WARN_UNINITIALIZED_AUTOS = YES_AGGRESSIVE;
				GCC_WARN_UNUSED_FUNCTION = YES;
				GCC_WARN_UNUSED_VARIABLE = YES;
				IPHONEOS_DEPLOYMENT_TARGET = 15.2;
				MTL_ENABLE_DEBUG_INFO = INCLUDE_SOURCE;
				MTL_FAST_MATH = YES;
				ONLY_ACTIVE_ARCH = YES;
				SDKROOT = iphoneos;
				SWIFT_ACTIVE_COMPILATION_CONDITIONS = DEBUG;
				SWIFT_OPTIMIZATION_LEVEL = "-Onone";
			};
			name = Debug;
		};
		72EA406727C4E2A200EBDD75 /* Release */ = {
			isa = XCBuildConfiguration;
			buildSettings = {
				ALWAYS_SEARCH_USER_PATHS = NO;
				CLANG_ANALYZER_NONNULL = YES;
				CLANG_ANALYZER_NUMBER_OBJECT_CONVERSION = YES_AGGRESSIVE;
				CLANG_CXX_LANGUAGE_STANDARD = "gnu++17";
				CLANG_CXX_LIBRARY = "libc++";
				CLANG_ENABLE_MODULES = YES;
				CLANG_ENABLE_OBJC_ARC = YES;
				CLANG_ENABLE_OBJC_WEAK = YES;
				CLANG_WARN_BLOCK_CAPTURE_AUTORELEASING = YES;
				CLANG_WARN_BOOL_CONVERSION = YES;
				CLANG_WARN_COMMA = YES;
				CLANG_WARN_CONSTANT_CONVERSION = YES;
				CLANG_WARN_DEPRECATED_OBJC_IMPLEMENTATIONS = YES;
				CLANG_WARN_DIRECT_OBJC_ISA_USAGE = YES_ERROR;
				CLANG_WARN_DOCUMENTATION_COMMENTS = YES;
				CLANG_WARN_EMPTY_BODY = YES;
				CLANG_WARN_ENUM_CONVERSION = YES;
				CLANG_WARN_INFINITE_RECURSION = YES;
				CLANG_WARN_INT_CONVERSION = YES;
				CLANG_WARN_NON_LITERAL_NULL_CONVERSION = YES;
				CLANG_WARN_OBJC_IMPLICIT_RETAIN_SELF = YES;
				CLANG_WARN_OBJC_LITERAL_CONVERSION = YES;
				CLANG_WARN_OBJC_ROOT_CLASS = YES_ERROR;
				CLANG_WARN_QUOTED_INCLUDE_IN_FRAMEWORK_HEADER = YES;
				CLANG_WARN_RANGE_LOOP_ANALYSIS = YES;
				CLANG_WARN_STRICT_PROTOTYPES = YES;
				CLANG_WARN_SUSPICIOUS_MOVE = YES;
				CLANG_WARN_UNGUARDED_AVAILABILITY = YES_AGGRESSIVE;
				CLANG_WARN_UNREACHABLE_CODE = YES;
				CLANG_WARN__DUPLICATE_METHOD_MATCH = YES;
				COPY_PHASE_STRIP = NO;
				DEBUG_INFORMATION_FORMAT = "dwarf-with-dsym";
				ENABLE_NS_ASSERTIONS = NO;
				ENABLE_STRICT_OBJC_MSGSEND = YES;
				GCC_C_LANGUAGE_STANDARD = gnu11;
				GCC_NO_COMMON_BLOCKS = YES;
				GCC_WARN_64_TO_32_BIT_CONVERSION = YES;
				GCC_WARN_ABOUT_RETURN_TYPE = YES_ERROR;
				GCC_WARN_UNDECLARED_SELECTOR = YES;
				GCC_WARN_UNINITIALIZED_AUTOS = YES_AGGRESSIVE;
				GCC_WARN_UNUSED_FUNCTION = YES;
				GCC_WARN_UNUSED_VARIABLE = YES;
				IPHONEOS_DEPLOYMENT_TARGET = 15.2;
				MTL_ENABLE_DEBUG_INFO = NO;
				MTL_FAST_MATH = YES;
				SDKROOT = iphoneos;
				SWIFT_COMPILATION_MODE = wholemodule;
				SWIFT_OPTIMIZATION_LEVEL = "-O";
				VALIDATE_PRODUCT = YES;
			};
			name = Release;
		};
		72EA406927C4E2A200EBDD75 /* Debug */ = {
			isa = XCBuildConfiguration;
			buildSettings = {
				ASSETCATALOG_COMPILER_APPICON_NAME = AppIcon;
				ASSETCATALOG_COMPILER_GLOBAL_ACCENT_COLOR_NAME = AccentColor;
				CODE_SIGN_STYLE = Automatic;
				CURRENT_PROJECT_VERSION = 1;
				DEVELOPMENT_TEAM = 7G9CV8L7K3;
				GENERATE_INFOPLIST_FILE = YES;
				INFOPLIST_FILE = MinimalBazelFrameworkDemo/Info.plist;
				INFOPLIST_KEY_UIApplicationSupportsIndirectInputEvents = YES;
				INFOPLIST_KEY_UILaunchStoryboardName = LaunchScreen;
				INFOPLIST_KEY_UIMainStoryboardFile = Main;
				INFOPLIST_KEY_UISupportedInterfaceOrientations_iPad = "UIInterfaceOrientationPortrait UIInterfaceOrientationPortraitUpsideDown UIInterfaceOrientationLandscapeLeft UIInterfaceOrientationLandscapeRight";
				INFOPLIST_KEY_UISupportedInterfaceOrientations_iPhone = "UIInterfaceOrientationPortrait UIInterfaceOrientationLandscapeLeft UIInterfaceOrientationLandscapeRight";
				LD_RUNPATH_SEARCH_PATHS = (
					"$(inherited)",
					"@executable_path/Frameworks",
				);
				MARKETING_VERSION = 1.0;
				PRODUCT_BUNDLE_IDENTIFIER = demo.com.sample.MinimalBazelFrameworkDemo;
				PRODUCT_NAME = "$(TARGET_NAME)";
				SWIFT_EMIT_LOC_STRINGS = YES;
				SWIFT_VERSION = 5.0;
				TARGETED_DEVICE_FAMILY = "1,2";
			};
			name = Debug;
		};
		72EA406A27C4E2A200EBDD75 /* Release */ = {
			isa = XCBuildConfiguration;
			buildSettings = {
				ASSETCATALOG_COMPILER_APPICON_NAME = AppIcon;
				ASSETCATALOG_COMPILER_GLOBAL_ACCENT_COLOR_NAME = AccentColor;
				CODE_SIGN_STYLE = Automatic;
				CURRENT_PROJECT_VERSION = 1;
				DEVELOPMENT_TEAM = 7G9CV8L7K3;
				GENERATE_INFOPLIST_FILE = YES;
				INFOPLIST_FILE = MinimalBazelFrameworkDemo/Info.plist;
				INFOPLIST_KEY_UIApplicationSupportsIndirectInputEvents = YES;
				INFOPLIST_KEY_UILaunchStoryboardName = LaunchScreen;
				INFOPLIST_KEY_UIMainStoryboardFile = Main;
				INFOPLIST_KEY_UISupportedInterfaceOrientations_iPad = "UIInterfaceOrientationPortrait UIInterfaceOrientationPortraitUpsideDown UIInterfaceOrientationLandscapeLeft UIInterfaceOrientationLandscapeRight";
				INFOPLIST_KEY_UISupportedInterfaceOrientations_iPhone = "UIInterfaceOrientationPortrait UIInterfaceOrientationLandscapeLeft UIInterfaceOrientationLandscapeRight";
				LD_RUNPATH_SEARCH_PATHS = (
					"$(inherited)",
					"@executable_path/Frameworks",
				);
				MARKETING_VERSION = 1.0;
				PRODUCT_BUNDLE_IDENTIFIER = demo.com.sample.MinimalBazelFrameworkDemo;
				PRODUCT_NAME = "$(TARGET_NAME)";
				SWIFT_EMIT_LOC_STRINGS = YES;
				SWIFT_VERSION = 5.0;
				TARGETED_DEVICE_FAMILY = "1,2";
			};
			name = Release;
		};
		72EA406C27C4E2A200EBDD75 /* Debug */ = {
			isa = XCBuildConfiguration;
			buildSettings = {
				ALWAYS_EMBED_SWIFT_STANDARD_LIBRARIES = YES;
				BUNDLE_LOADER = "$(TEST_HOST)";
				CODE_SIGN_STYLE = Automatic;
				CURRENT_PROJECT_VERSION = 1;
				DEVELOPMENT_TEAM = 7G9CV8L7K3;
				GENERATE_INFOPLIST_FILE = YES;
				IPHONEOS_DEPLOYMENT_TARGET = 15.2;
				MARKETING_VERSION = 1.0;
				PRODUCT_BUNDLE_IDENTIFIER = demo.com.sample.MinimalBazelFrameworkDemoTests;
				PRODUCT_NAME = "$(TARGET_NAME)";
				SWIFT_EMIT_LOC_STRINGS = NO;
				SWIFT_VERSION = 5.0;
				TARGETED_DEVICE_FAMILY = "1,2";
				TEST_HOST = "$(BUILT_PRODUCTS_DIR)/MinimalBazelFrameworkDemo.app/MinimalBazelFrameworkDemo";
			};
			name = Debug;
		};
		72EA406D27C4E2A200EBDD75 /* Release */ = {
			isa = XCBuildConfiguration;
			buildSettings = {
				ALWAYS_EMBED_SWIFT_STANDARD_LIBRARIES = YES;
				BUNDLE_LOADER = "$(TEST_HOST)";
				CODE_SIGN_STYLE = Automatic;
				CURRENT_PROJECT_VERSION = 1;
				DEVELOPMENT_TEAM = 7G9CV8L7K3;
				GENERATE_INFOPLIST_FILE = YES;
				IPHONEOS_DEPLOYMENT_TARGET = 15.2;
				MARKETING_VERSION = 1.0;
				PRODUCT_BUNDLE_IDENTIFIER = demo.com.sample.MinimalBazelFrameworkDemoTests;
				PRODUCT_NAME = "$(TARGET_NAME)";
				SWIFT_EMIT_LOC_STRINGS = NO;
				SWIFT_VERSION = 5.0;
				TARGETED_DEVICE_FAMILY = "1,2";
				TEST_HOST = "$(BUILT_PRODUCTS_DIR)/MinimalBazelFrameworkDemo.app/MinimalBazelFrameworkDemo";
			};
			name = Release;
		};
		72EA406F27C4E2A200EBDD75 /* Debug */ = {
			isa = XCBuildConfiguration;
			buildSettings = {
				ALWAYS_EMBED_SWIFT_STANDARD_LIBRARIES = YES;
				CODE_SIGN_STYLE = Automatic;
				CURRENT_PROJECT_VERSION = 1;
				DEVELOPMENT_TEAM = 7G9CV8L7K3;
				GENERATE_INFOPLIST_FILE = YES;
				MARKETING_VERSION = 1.0;
				PRODUCT_BUNDLE_IDENTIFIER = demo.com.sample.MinimalBazelFrameworkDemoUITests;
				PRODUCT_NAME = "$(TARGET_NAME)";
				SWIFT_EMIT_LOC_STRINGS = NO;
				SWIFT_VERSION = 5.0;
				TARGETED_DEVICE_FAMILY = "1,2";
				TEST_TARGET_NAME = MinimalBazelFrameworkDemo;
			};
			name = Debug;
		};
		72EA407027C4E2A200EBDD75 /* Release */ = {
			isa = XCBuildConfiguration;
			buildSettings = {
				ALWAYS_EMBED_SWIFT_STANDARD_LIBRARIES = YES;
				CODE_SIGN_STYLE = Automatic;
				CURRENT_PROJECT_VERSION = 1;
				DEVELOPMENT_TEAM = 7G9CV8L7K3;
				GENERATE_INFOPLIST_FILE = YES;
				MARKETING_VERSION = 1.0;
				PRODUCT_BUNDLE_IDENTIFIER = demo.com.sample.MinimalBazelFrameworkDemoUITests;
				PRODUCT_NAME = "$(TARGET_NAME)";
				SWIFT_EMIT_LOC_STRINGS = NO;
				SWIFT_VERSION = 5.0;
				TARGETED_DEVICE_FAMILY = "1,2";
				TEST_TARGET_NAME = MinimalBazelFrameworkDemo;
			};
			name = Release;
		};
/* End XCBuildConfiguration section */

/* Begin XCConfigurationList section */
		72EA403927C4E29F00EBDD75 /* Build configuration list for PBXProject "MinimalBazelFrameworkDemo" */ = {
			isa = XCConfigurationList;
			buildConfigurations = (
				72EA406627C4E2A200EBDD75 /* Debug */,
				72EA406727C4E2A200EBDD75 /* Release */,
			);
			defaultConfigurationIsVisible = 0;
			defaultConfigurationName = Release;
		};
		72EA406827C4E2A200EBDD75 /* Build configuration list for PBXNativeTarget "MinimalBazelFrameworkDemo" */ = {
			isa = XCConfigurationList;
			buildConfigurations = (
				72EA406927C4E2A200EBDD75 /* Debug */,
				72EA406A27C4E2A200EBDD75 /* Release */,
			);
			defaultConfigurationIsVisible = 0;
			defaultConfigurationName = Release;
		};
		72EA406B27C4E2A200EBDD75 /* Build configuration list for PBXNativeTarget "MinimalBazelFrameworkDemoTests" */ = {
			isa = XCConfigurationList;
			buildConfigurations = (
				72EA406C27C4E2A200EBDD75 /* Debug */,
				72EA406D27C4E2A200EBDD75 /* Release */,
			);
			defaultConfigurationIsVisible = 0;
			defaultConfigurationName = Release;
		};
		72EA406E27C4E2A200EBDD75 /* Build configuration list for PBXNativeTarget "MinimalBazelFrameworkDemoUITests" */ = {
			isa = XCConfigurationList;
			buildConfigurations = (
				72EA406F27C4E2A200EBDD75 /* Debug */,
				72EA407027C4E2A200EBDD75 /* Release */,
			);
			defaultConfigurationIsVisible = 0;
			defaultConfigurationName = Release;
		};
/* End XCConfigurationList section */
	};
	rootObject = 72EA403627C4E29F00EBDD75 /* Project object */;
}
